
Microsoft Visual Studio Solution File, Format Version 12.00
# Visual Studio Version 16
VisualStudioVersion = 16.0.30717.126
MinimumVisualStudioVersion = 10.0.40219.1
Project("{FAE04EC0-301F-11D3-BF4B-00C04F79EFBC}") = "WebApp", "WebApp.csproj", "{049B3CB4-7A55-42BA-8AEE-2B52441312C1}"
EndProject
Global
	GlobalSection(SolutionConfigurationPlatforms) = preSolution
		Debug|Any CPU = Debug|Any CPU
		Release|Any CPU = Release|Any CPU
	EndGlobalSection
	GlobalSection(ProjectConfigurationPlatforms) = postSolution
		{049B3CB4-7A55-42BA-8AEE-2B52441312C1}.Debug|Any CPU.ActiveCfg = Debug|Any CPU
		{049B3CB4-7A55-42BA-8AEE-2B52441312C1}.Debug|Any CPU.Build.0 = Debug|Any CPU
		{049B3CB4-7A55-42BA-8AEE-2B52441312C1}.Release|Any CPU.ActiveCfg = Release|Any CPU
		{049B3CB4-7A55-42BA-8AEE-2B52441312C1}.Release|Any CPU.Build.0 = Release|Any CPU
	EndGlobalSection
	GlobalSection(SolutionProperties) = preSolution
		HideSolutionNode = FALSE
	EndGlobalSection
	GlobalSection(ExtensibilityGlobals) = postSolution
		SolutionGuid = {83B81EE4-3DCE-487E-A5BD-A44B7A687E11}
	EndGlobalSection
EndGlobal
